<?xml version="1.0" encoding="utf-8"?>
<Project ToolsVersion="4.0" xmlns="http://schemas.microsoft.com/developer/msbuild/2003">
  <ItemGroup>
    <Filter Include="Source Files">
      <UniqueIdentifier>{4FC737F1-C7A5-4376-A066-2A32D752A2FF}</UniqueIdentifier>
      <Extensions>cpp;c;cc;cxx;def;odl;idl;hpj;bat;asm;asmx</Extensions>
    </Filter>
    <Filter Include="Header Files">
      <UniqueIdentifier>{93995380-89BD-4b04-88EB-625FBE52EBFB}</UniqueIdentifier>
      <Extensions>h;hh;hpp;hxx;hm;inl;inc;xsd</Extensions>
    </Filter>
    <Filter Include="Resource Files">
      <UniqueIdentifier>{67DA6AB6-F800-4c08-8B7A-83BB121AAD01}</UniqueIdentifier>
      <Extensions>rc;ico;cur;bmp;dlg;rc2;rct;bin;rgs;gif;jpg;jpeg;jpe;resx;tiff;tif;png;wav</Extensions>
    </Filter>
  </ItemGroup>
  <ItemGroup>
    <ClCompile Include="main.cpp">
      <Filter>Source Files</Filter>
    </ClCompile>
    <ClCompile Include="src\dat\Civ.cpp">
      <Filter>Source Files</Filter>
    </ClCompile>
    <ClCompile Include="src\dat\DatFile.cpp">
      <Filter>Source Files</Filter>
    </ClCompile>
    <ClCompile Include="src\dat\Graphic.cpp">
      <Filter>Source Files</Filter>
    </ClCompile>
    <ClCompile Include="src\dat\GraphicAttackSound.cpp">
      <Filter>Source Files</Filter>
    </ClCompile>
    <ClCompile Include="src\dat\GraphicDelta.cpp">
      <Filter>Source Files</Filter>
    </ClCompile>
    <ClCompile Include="src\dat\PlayerColour.cpp">
      <Filter>Source Files</Filter>
    </ClCompile>
    <ClCompile Include="src\dat\RandomMap.cpp">
      <Filter>Source Files</Filter>
    </ClCompile>
    <ClCompile Include="src\dat\Research.cpp">
      <Filter>Source Files</Filter>
    </ClCompile>
    <ClCompile Include="src\dat\Sound.cpp">
      <Filter>Source Files</Filter>
    </ClCompile>
    <ClCompile Include="src\dat\SoundItem.cpp">
      <Filter>Source Files</Filter>
    </ClCompile>
    <ClCompile Include="src\dat\Techage.cpp">
      <Filter>Source Files</Filter>
    </ClCompile>
    <ClCompile Include="src\dat\TechageEffect.cpp">
      <Filter>Source Files</Filter>
    </ClCompile>
    <ClCompile Include="src\dat\TechTree.cpp">
      <Filter>Source Files</Filter>
    </ClCompile>
    <ClCompile Include="src\dat\Terrain.cpp">
      <Filter>Source Files</Filter>
    </ClCompile>
    <ClCompile Include="src\dat\TerrainBlock.cpp">
      <Filter>Source Files</Filter>
    </ClCompile>
    <ClCompile Include="src\dat\TerrainBorder.cpp">
      <Filter>Source Files</Filter>
    </ClCompile>
    <ClCompile Include="src\dat\TerrainCommon.cpp">
      <Filter>Source Files</Filter>
    </ClCompile>
    <ClCompile Include="src\dat\TerrainPassGraphic.cpp">
      <Filter>Source Files</Filter>
    </ClCompile>
    <ClCompile Include="src\dat\TerrainRestriction.cpp">
      <Filter>Source Files</Filter>
    </ClCompile>
    <ClCompile Include="src\dat\Unit.cpp">
      <Filter>Source Files</Filter>
    </ClCompile>
    <ClCompile Include="src\dat\UnitCommand.cpp">
      <Filter>Source Files</Filter>
    </ClCompile>
    <ClCompile Include="src\dat\UnitHeader.cpp">
      <Filter>Source Files</Filter>
    </ClCompile>
    <ClCompile Include="src\dat\UnitLine.cpp">
      <Filter>Source Files</Filter>
    </ClCompile>
    <ClCompile Include="src\dat\unit\AttackOrArmor.cpp">
      <Filter>Source Files</Filter>
    </ClCompile>
    <ClCompile Include="src\dat\unit\Bird.cpp">
      <Filter>Source Files</Filter>
    </ClCompile>
    <ClCompile Include="src\dat\unit\Building.cpp">
      <Filter>Source Files</Filter>
    </ClCompile>
    <ClCompile Include="src\dat\unit\Creatable.cpp">
      <Filter>Source Files</Filter>
    </ClCompile>
    <ClCompile Include="src\dat\unit\DamageGraphic.cpp">
      <Filter>Source Files</Filter>
    </ClCompile>
    <ClCompile Include="src\dat\unit\DeadFish.cpp">
      <Filter>Source Files</Filter>
    </ClCompile>
    <ClCompile Include="src\dat\unit\Projectile.cpp">
      <Filter>Source Files</Filter>
    </ClCompile>
    <ClCompile Include="src\dat\unit\Type50.cpp">
      <Filter>Source Files</Filter>
    </ClCompile>
    <ClCompile Include="src\file\Compressor.cpp">
      <Filter>Source Files</Filter>
    </ClCompile>
    <ClCompile Include="src\file\IFile.cpp">
      <Filter>Source Files</Filter>
    </ClCompile>
    <ClCompile Include="src\file\ISerializable.cpp">
      <Filter>Source Files</Filter>
    </ClCompile>
    <ClCompile Include="src\lang\LangFile.cpp">
      <Filter>Source Files</Filter>
    </ClCompile>
    <ClCompile Include="src\resource\BinaFile.cpp">
      <Filter>Source Files</Filter>
    </ClCompile>
    <ClCompile Include="src\resource\Color.cpp">
      <Filter>Source Files</Filter>
    </ClCompile>
    <ClCompile Include="src\resource\DrsFile.cpp">
      <Filter>Source Files</Filter>
    </ClCompile>
    <ClCompile Include="src\resource\PalFile.cpp">
      <Filter>Source Files</Filter>
    </ClCompile>
    <ClCompile Include="src\resource\SlpFile.cpp">
      <Filter>Source Files</Filter>
    </ClCompile>
    <ClCompile Include="src\resource\SlpFrame.cpp">
      <Filter>Source Files</Filter>
    </ClCompile>
    <ClCompile Include="src\script\ScnFile.cpp">
      <Filter>Source Files</Filter>
    </ClCompile>
    <ClCompile Include="src\script\scn\MapDescription.cpp">
      <Filter>Source Files</Filter>
    </ClCompile>
    <ClCompile Include="src\script\scn\ScnPlayerData.cpp">
      <Filter>Source Files</Filter>
    </ClCompile>
    <ClCompile Include="src\script\scn\ScnResource.cpp">
      <Filter>Source Files</Filter>
    </ClCompile>
    <ClCompile Include="src\script\scn\Trigger.cpp">
      <Filter>Source Files</Filter>
    </ClCompile>
    <ClCompile Include="src\tools\bincompare\bincomp.cpp">
      <Filter>Source Files</Filter>
    </ClCompile>
    <ClCompile Include="src\tools\bincompare\main.cpp">
      <Filter>Source Files</Filter>
    </ClCompile>
    <ClCompile Include="src\tools\extract\datextract.cpp">
      <Filter>Source Files</Filter>
    </ClCompile>
    <ClCompile Include="src\tools\test\test.cpp">
      <Filter>Source Files</Filter>
    </ClCompile>
    <ClCompile Include="src\util\Logger.cpp">
      <Filter>Source Files</Filter>
    </ClCompile>
    <ClCompile Include="tests\DatTest.cpp">
      <Filter>Source Files</Filter>
    </ClCompile>
    <ClCompile Include="tests\LangTest.cpp">
      <Filter>Source Files</Filter>
    </ClCompile>
    <ClCompile Include="src\resource\SmpFile.cpp">
      <Filter>Source Files</Filter>
    </ClCompile>
    <ClCompile Include="src\resource\SmpFrame.cpp">
      <Filter>Source Files</Filter>
    </ClCompile>
  </ItemGroup>
  <ItemGroup>
    <ClInclude Include="include\genie\Types.h">
      <Filter>Header Files</Filter>
    </ClInclude>
    <ClInclude Include="include\genie\dat\Civ.h">
      <Filter>Header Files</Filter>
    </ClInclude>
    <ClInclude Include="include\genie\dat\DatFile.h">
      <Filter>Header Files</Filter>
    </ClInclude>
    <ClInclude Include="include\genie\dat\Graphic.h">
      <Filter>Header Files</Filter>
    </ClInclude>
    <ClInclude Include="include\genie\dat\GraphicAttackSound.h">
      <Filter>Header Files</Filter>
    </ClInclude>
    <ClInclude Include="include\genie\dat\GraphicDelta.h">
      <Filter>Header Files</Filter>
    </ClInclude>
    <ClInclude Include="include\genie\dat\PlayerColour.h">
      <Filter>Header Files</Filter>
    </ClInclude>
    <ClInclude Include="include\genie\dat\RandomMap.h">
      <Filter>Header Files</Filter>
    </ClInclude>
    <ClInclude Include="include\genie\dat\Research.h">
      <Filter>Header Files</Filter>
    </ClInclude>
    <ClInclude Include="include\genie\dat\ResourceUsage.h">
      <Filter>Header Files</Filter>
    </ClInclude>
    <ClInclude Include="include\genie\dat\Sound.h">
      <Filter>Header Files</Filter>
    </ClInclude>
    <ClInclude Include="include\genie\dat\SoundItem.h">
      <Filter>Header Files</Filter>
    </ClInclude>
    <ClInclude Include="include\genie\dat\Techage.h">
      <Filter>Header Files</Filter>
    </ClInclude>
    <ClInclude Include="include\genie\dat\TechageEffect.h">
      <Filter>Header Files</Filter>
    </ClInclude>
    <ClInclude Include="include\genie\dat\TechTree.h">
      <Filter>Header Files</Filter>
    </ClInclude>
    <ClInclude Include="include\genie\dat\Terrain.h">
      <Filter>Header Files</Filter>
    </ClInclude>
    <ClInclude Include="include\genie\dat\TerrainBlock.h">
      <Filter>Header Files</Filter>
    </ClInclude>
    <ClInclude Include="include\genie\dat\TerrainBorder.h">
      <Filter>Header Files</Filter>
    </ClInclude>
    <ClInclude Include="include\genie\dat\TerrainCommon.h">
      <Filter>Header Files</Filter>
    </ClInclude>
    <ClInclude Include="include\genie\dat\TerrainPassGraphic.h">
      <Filter>Header Files</Filter>
    </ClInclude>
    <ClInclude Include="include\genie\dat\TerrainRestriction.h">
      <Filter>Header Files</Filter>
    </ClInclude>
    <ClInclude Include="include\genie\dat\Unit.h">
      <Filter>Header Files</Filter>
    </ClInclude>
    <ClInclude Include="include\genie\dat\UnitCommand.h">
      <Filter>Header Files</Filter>
    </ClInclude>
    <ClInclude Include="include\genie\dat\UnitHeader.h">
      <Filter>Header Files</Filter>
    </ClInclude>
    <ClInclude Include="include\genie\dat\UnitLine.h">
      <Filter>Header Files</Filter>
    </ClInclude>
    <ClInclude Include="include\genie\dat\unit\AttackOrArmor.h">
      <Filter>Header Files</Filter>
    </ClInclude>
    <ClInclude Include="include\genie\dat\unit\Bird.h">
      <Filter>Header Files</Filter>
    </ClInclude>
    <ClInclude Include="include\genie\dat\unit\Building.h">
      <Filter>Header Files</Filter>
    </ClInclude>
    <ClInclude Include="include\genie\dat\unit\Creatable.h">
      <Filter>Header Files</Filter>
    </ClInclude>
    <ClInclude Include="include\genie\dat\unit\DamageGraphic.h">
      <Filter>Header Files</Filter>
    </ClInclude>
    <ClInclude Include="include\genie\dat\unit\DeadFish.h">
      <Filter>Header Files</Filter>
    </ClInclude>
    <ClInclude Include="include\genie\dat\unit\Projectile.h">
      <Filter>Header Files</Filter>
    </ClInclude>
    <ClInclude Include="include\genie\dat\unit\Type50.h">
      <Filter>Header Files</Filter>
    </ClInclude>
    <ClInclude Include="include\genie\file\Compressor.h">
      <Filter>Header Files</Filter>
    </ClInclude>
    <ClInclude Include="include\genie\file\IFile.h">
      <Filter>Header Files</Filter>
    </ClInclude>
    <ClInclude Include="include\genie\file\ISerializable.h">
      <Filter>Header Files</Filter>
    </ClInclude>
    <ClInclude Include="include\genie\lang\LangFile.h">
      <Filter>Header Files</Filter>
    </ClInclude>
    <ClInclude Include="include\genie\resource\BinaFile.h">
      <Filter>Header Files</Filter>
    </ClInclude>
    <ClInclude Include="include\genie\resource\Color.h">
      <Filter>Header Files</Filter>
    </ClInclude>
    <ClInclude Include="include\genie\resource\DrsFile.h">
      <Filter>Header Files</Filter>
    </ClInclude>
    <ClInclude Include="include\genie\resource\PalFile.h">
      <Filter>Header Files</Filter>
    </ClInclude>
    <ClInclude Include="include\genie\resource\SlpFile.h">
      <Filter>Header Files</Filter>
    </ClInclude>
    <ClInclude Include="include\genie\resource\SlpFrame.h">
      <Filter>Header Files</Filter>
    </ClInclude>
    <ClInclude Include="include\genie\script\ScnFile.h">
      <Filter>Header Files</Filter>
    </ClInclude>
    <ClInclude Include="include\genie\script\scn\MapDescription.h">
      <Filter>Header Files</Filter>
    </ClInclude>
    <ClInclude Include="include\genie\script\scn\ScnPlayerData.h">
      <Filter>Header Files</Filter>
    </ClInclude>
    <ClInclude Include="include\genie\script\scn\ScnResource.h">
      <Filter>Header Files</Filter>
    </ClInclude>
    <ClInclude Include="include\genie\script\scn\Trigger.h">
      <Filter>Header Files</Filter>
    </ClInclude>
    <ClInclude Include="include\genie\util\Logger.h">
      <Filter>Header Files</Filter>
    </ClInclude>
    <ClInclude Include="src\tools\bincompare\bincomp.h">
      <Filter>Header Files</Filter>
    </ClInclude>
    <ClInclude Include="include\genie\resource\SmpFile.h">
      <Filter>Header Files</Filter>
    </ClInclude>
    <ClInclude Include="include\genie\resource\SmpFrame.h">
      <Filter>Header Files</Filter>
    </ClInclude>
  </ItemGroup>
</Project>